
Microsoft Visual Studio Solution File, Format Version 12.00
# Visual Studio Version 17
VisualStudioVersion = 17.0.31903.59
MinimumVisualStudioVersion = 10.0.40219.1
Project("{FAE04EC0-301F-11D3-BF4B-00C04F79EFBC}") = "Pokemon.Api", "Pokemon.Api\Pokemon.Api.csproj", "{9FD7F727-479A-4360-A5F4-AD272604A08F}"
EndProject
Project("{FAE04EC0-301F-11D3-BF4B-00C04F79EFBC}") = "Pokemon.Application", "Pokemon.Application\Pokemon.Application.csproj", "{1A76BB5F-F831-4466-A4F9-E7DF37A6C9AD}"
EndProject
Project("{FAE04EC0-301F-11D3-BF4B-00C04F79EFBC}") = "Pokemon.Client", "Pokemon.Client\Pokemon.Client.csproj", "{5611B4B3-AF13-45B5-981D-37C123D48B9F}"
EndProject
Project("{FAE04EC0-301F-11D3-BF4B-00C04F79EFBC}") = "Pokemon.Contracts", "Pokemon.Contracts\Pokemon.Contracts.csproj", "{04F7E88B-3FDD-437C-8B17-A42A8BDD5E50}"
EndProject
Project("{FAE04EC0-301F-11D3-BF4B-00C04F79EFBC}") = "Pokemon.Domain", "Pokemon.Domain\Pokemon.Domain.csproj", "{3124C09F-D933-4809-A90A-2D533179D365}"
EndProject
Project("{FAE04EC0-301F-11D3-BF4B-00C04F79EFBC}") = "Pokemon.Infrastructure", "Pokemon.Infrastructure\Pokemon.Infrastructure.csproj", "{190F1B60-764A-4246-A3A4-4479E7DA51A0}"
EndProject
Global
	GlobalSection(SolutionConfigurationPlatforms) = preSolution
		Debug|Any CPU = Debug|Any CPU
		Release|Any CPU = Release|Any CPU
	EndGlobalSection
	GlobalSection(SolutionProperties) = preSolution
		HideSolutionNode = FALSE
	EndGlobalSection
	GlobalSection(ProjectConfigurationPlatforms) = postSolution
		{9FD7F727-479A-4360-A5F4-AD272604A08F}.Debug|Any CPU.ActiveCfg = Debug|Any CPU
		{9FD7F727-479A-4360-A5F4-AD272604A08F}.Debug|Any CPU.Build.0 = Debug|Any CPU
		{9FD7F727-479A-4360-A5F4-AD272604A08F}.Release|Any CPU.ActiveCfg = Release|Any CPU
		{9FD7F727-479A-4360-A5F4-AD272604A08F}.Release|Any CPU.Build.0 = Release|Any CPU
		{1A76BB5F-F831-4466-A4F9-E7DF37A6C9AD}.Debug|Any CPU.ActiveCfg = Debug|Any CPU
		{1A76BB5F-F831-4466-A4F9-E7DF37A6C9AD}.Debug|Any CPU.Build.0 = Debug|Any CPU
		{1A76BB5F-F831-4466-A4F9-E7DF37A6C9AD}.Release|Any CPU.ActiveCfg = Release|Any CPU
		{1A76BB5F-F831-4466-A4F9-E7DF37A6C9AD}.Release|Any CPU.Build.0 = Release|Any CPU
		{5611B4B3-AF13-45B5-981D-37C123D48B9F}.Debug|Any CPU.ActiveCfg = Debug|Any CPU
		{5611B4B3-AF13-45B5-981D-37C123D48B9F}.Debug|Any CPU.Build.0 = Debug|Any CPU
		{5611B4B3-AF13-45B5-981D-37C123D48B9F}.Release|Any CPU.ActiveCfg = Release|Any CPU
		{5611B4B3-AF13-45B5-981D-37C123D48B9F}.Release|Any CPU.Build.0 = Release|Any CPU
		{04F7E88B-3FDD-437C-8B17-A42A8BDD5E50}.Debug|Any CPU.ActiveCfg = Debug|Any CPU
		{04F7E88B-3FDD-437C-8B17-A42A8BDD5E50}.Debug|Any CPU.Build.0 = Debug|Any CPU
		{04F7E88B-3FDD-437C-8B17-A42A8BDD5E50}.Release|Any CPU.ActiveCfg = Release|Any CPU
		{04F7E88B-3FDD-437C-8B17-A42A8BDD5E50}.Release|Any CPU.Build.0 = Release|Any CPU
		{3124C09F-D933-4809-A90A-2D533179D365}.Debug|Any CPU.ActiveCfg = Debug|Any CPU
		{3124C09F-D933-4809-A90A-2D533179D365}.Debug|Any CPU.Build.0 = Debug|Any CPU
		{3124C09F-D933-4809-A90A-2D533179D365}.Release|Any CPU.ActiveCfg = Release|Any CPU
		{3124C09F-D933-4809-A90A-2D533179D365}.Release|Any CPU.Build.0 = Release|Any CPU
		{190F1B60-764A-4246-A3A4-4479E7DA51A0}.Debug|Any CPU.ActiveCfg = Debug|Any CPU
		{190F1B60-764A-4246-A3A4-4479E7DA51A0}.Debug|Any CPU.Build.0 = Debug|Any CPU
		{190F1B60-764A-4246-A3A4-4479E7DA51A0}.Release|Any CPU.ActiveCfg = Release|Any CPU
		{190F1B60-764A-4246-A3A4-4479E7DA51A0}.Release|Any CPU.Build.0 = Release|Any CPU
	EndGlobalSection
EndGlobal
